
Microsoft Visual Studio Solution File, Format Version 12.00
# Visual Studio Version 17
VisualStudioVersion = 17.14.36603.0
MinimumVisualStudioVersion = 10.0.40219.1
Project("{FAE04EC0-301F-11D3-BF4B-00C04F79EFBC}") = "LibraryProject.DAL", "LibraryProject.DAL\LibraryProject.DAL.csproj", "{3B656238-3405-498B-AA02-4848BEC61423}"
EndProject
Project("{FAE04EC0-301F-11D3-BF4B-00C04F79EFBC}") = "LibraryProject.BLL", "LibraryProject.BLL\LibraryProject.BLL.csproj", "{97E788BC-5FAD-423D-94FF-4CEEC617EA8D}"
EndProject
Project("{FAE04EC0-301F-11D3-BF4B-00C04F79EFBC}") = "LibraryProject.API", "LibraryProject.API\LibraryProject.API.csproj", "{9C9CB809-024C-44C5-9EB7-D6501CA8545A}"
EndProject
Project("{FAE04EC0-301F-11D3-BF4B-00C04F79EFBC}") = "LibraryProject.MAUI", "LibraryProject.MAUI\LibraryProject.MAUI.csproj", "{AF7EA6F9-35A1-42D1-9FAF-9ABFACC6B8CE}"
EndProject
Global
	GlobalSection(SolutionConfigurationPlatforms) = preSolution
		Debug|Any CPU = Debug|Any CPU
		Release|Any CPU = Release|Any CPU
	EndGlobalSection
	GlobalSection(ProjectConfigurationPlatforms) = postSolution
		{3B656238-3405-498B-AA02-4848BEC61423}.Debug|Any CPU.ActiveCfg = Debug|Any CPU
		{3B656238-3405-498B-AA02-4848BEC61423}.Debug|Any CPU.Build.0 = Debug|Any CPU
		{3B656238-3405-498B-AA02-4848BEC61423}.Release|Any CPU.ActiveCfg = Release|Any CPU
		{3B656238-3405-498B-AA02-4848BEC61423}.Release|Any CPU.Build.0 = Release|Any CPU
		{97E788BC-5FAD-423D-94FF-4CEEC617EA8D}.Debug|Any CPU.ActiveCfg = Debug|Any CPU
		{97E788BC-5FAD-423D-94FF-4CEEC617EA8D}.Debug|Any CPU.Build.0 = Debug|Any CPU
		{97E788BC-5FAD-423D-94FF-4CEEC617EA8D}.Release|Any CPU.ActiveCfg = Release|Any CPU
		{97E788BC-5FAD-423D-94FF-4CEEC617EA8D}.Release|Any CPU.Build.0 = Release|Any CPU
		{9C9CB809-024C-44C5-9EB7-D6501CA8545A}.Debug|Any CPU.ActiveCfg = Debug|Any CPU
		{9C9CB809-024C-44C5-9EB7-D6501CA8545A}.Debug|Any CPU.Build.0 = Debug|Any CPU
		{9C9CB809-024C-44C5-9EB7-D6501CA8545A}.Release|Any CPU.ActiveCfg = Release|Any CPU
		{9C9CB809-024C-44C5-9EB7-D6501CA8545A}.Release|Any CPU.Build.0 = Release|Any CPU
		{AF7EA6F9-35A1-42D1-9FAF-9ABFACC6B8CE}.Debug|Any CPU.ActiveCfg = Debug|Any CPU
		{AF7EA6F9-35A1-42D1-9FAF-9ABFACC6B8CE}.Debug|Any CPU.Build.0 = Debug|Any CPU
		{AF7EA6F9-35A1-42D1-9FAF-9ABFACC6B8CE}.Release|Any CPU.ActiveCfg = Release|Any CPU
		{AF7EA6F9-35A1-42D1-9FAF-9ABFACC6B8CE}.Release|Any CPU.Build.0 = Release|Any CPU
	EndGlobalSection
	GlobalSection(SolutionProperties) = preSolution
		HideSolutionNode = FALSE
	EndGlobalSection
	GlobalSection(ExtensibilityGlobals) = postSolution
		SolutionGuid = {B870DBEA-8B14-4DEF-8225-3AB79FE1B06E}
	EndGlobalSection
EndGlobal
